
Microsoft Visual Studio Solution File, Format Version 12.00
# Visual Studio Version 17
VisualStudioVersion = 17.11.35327.3
MinimumVisualStudioVersion = 10.0.40219.1
Project("{FAE04EC0-301F-11D3-BF4B-00C04F79EFBC}") = "DotNetApiLogging", "DotNetApiLogging\DotNetApiLogging.csproj", "{4C409676-1692-710F-DB12-970A26AFE39B}"
EndProject
Project("{FAE04EC0-301F-11D3-BF4B-00C04F79EFBC}") = "DotNetApiLogging.Tests.Console.EndToEnd", "DotNetApiLogging.Tests.Console.EndToEnd\DotNetApiLogging.Tests.Console.EndToEnd.csproj", "{19E17D25-99F3-B3A1-4ABA-97B3CE8067B5}"
EndProject
Project("{FAE04EC0-301F-11D3-BF4B-00C04F79EFBC}") = "DotNetApiLogging.Tests.EndToEnd", "DotNetApiLogging.Tests.EndToEnd\DotNetApiLogging.Tests.EndToEnd.csproj", "{64227627-051B-B52C-B88A-EABEAADE9874}"
EndProject
Global
	GlobalSection(SolutionConfigurationPlatforms) = preSolution
		Debug|Any CPU = Debug|Any CPU
		Release|Any CPU = Release|Any CPU
	EndGlobalSection
	GlobalSection(ProjectConfigurationPlatforms) = postSolution
		{4C409676-1692-710F-DB12-970A26AFE39B}.Debug|Any CPU.ActiveCfg = Debug|Any CPU
		{4C409676-1692-710F-DB12-970A26AFE39B}.Debug|Any CPU.Build.0 = Debug|Any CPU
		{4C409676-1692-710F-DB12-970A26AFE39B}.Release|Any CPU.ActiveCfg = Release|Any CPU
		{4C409676-1692-710F-DB12-970A26AFE39B}.Release|Any CPU.Build.0 = Release|Any CPU
		{19E17D25-99F3-B3A1-4ABA-97B3CE8067B5}.Debug|Any CPU.ActiveCfg = Debug|Any CPU
		{19E17D25-99F3-B3A1-4ABA-97B3CE8067B5}.Debug|Any CPU.Build.0 = Debug|Any CPU
		{19E17D25-99F3-B3A1-4ABA-97B3CE8067B5}.Release|Any CPU.ActiveCfg = Release|Any CPU
		{19E17D25-99F3-B3A1-4ABA-97B3CE8067B5}.Release|Any CPU.Build.0 = Release|Any CPU
		{64227627-051B-B52C-B88A-EABEAADE9874}.Debug|Any CPU.ActiveCfg = Debug|Any CPU
		{64227627-051B-B52C-B88A-EABEAADE9874}.Debug|Any CPU.Build.0 = Debug|Any CPU
		{64227627-051B-B52C-B88A-EABEAADE9874}.Release|Any CPU.ActiveCfg = Release|Any CPU
		{64227627-051B-B52C-B88A-EABEAADE9874}.Release|Any CPU.Build.0 = Release|Any CPU
	EndGlobalSection
	GlobalSection(SolutionProperties) = preSolution
		HideSolutionNode = FALSE
	EndGlobalSection
	GlobalSection(ExtensibilityGlobals) = postSolution
		SolutionGuid = {4B1085D3-C185-42D7-B127-4FFE29A537B5}
	EndGlobalSection
EndGlobal
